
Microsoft Visual Studio Solution File, Format Version 12.00
# Visual Studio Version 17
VisualStudioVersion = 17.9.34728.123
MinimumVisualStudioVersion = 10.0.40219.1
Project("{9A19103F-16F7-4668-BE54-9A1E7A4F7556}") = "MagicVilla_VillaAPI", "MagicVilla_VillaAPI\MagicVilla_VillaAPI.csproj", "{22B2C18A-8B8D-44B4-9F73-D14A21324C85}"
EndProject
Global
	GlobalSection(SolutionConfigurationPlatforms) = preSolution
		Debug|Any CPU = Debug|Any CPU
		Release|Any CPU = Release|Any CPU
	EndGlobalSection
	GlobalSection(ProjectConfigurationPlatforms) = postSolution
		{22B2C18A-8B8D-44B4-9F73-D14A21324C85}.Debug|Any CPU.ActiveCfg = Debug|Any CPU
		{22B2C18A-8B8D-44B4-9F73-D14A21324C85}.Debug|Any CPU.Build.0 = Debug|Any CPU
		{22B2C18A-8B8D-44B4-9F73-D14A21324C85}.Release|Any CPU.ActiveCfg = Release|Any CPU
		{22B2C18A-8B8D-44B4-9F73-D14A21324C85}.Release|Any CPU.Build.0 = Release|Any CPU
	EndGlobalSection
	GlobalSection(SolutionProperties) = preSolution
		HideSolutionNode = FALSE
	EndGlobalSection
	GlobalSection(ExtensibilityGlobals) = postSolution
		SolutionGuid = {608315C9-DCE8-44C3-96C9-E3F0472358A1}
	EndGlobalSection
EndGlobal
